
Microsoft Visual Studio Solution File, Format Version 12.00
# Visual Studio Version 17
VisualStudioVersion = 17.3.32811.315
MinimumVisualStudioVersion = 10.0.40219.1
Project("{FAE04EC0-301F-11D3-BF4B-00C04F79EFBC}") = "Lab04.Android", "Lab04\Lab04.Android\Lab04.Android.csproj", "{BC1E5B52-6BB6-471A-9166-372F1BDDB72E}"
EndProject
Project("{FAE04EC0-301F-11D3-BF4B-00C04F79EFBC}") = "Lab04.iOS", "Lab04\Lab04.iOS\Lab04.iOS.csproj", "{90422417-AB8C-4D65-AF60-F16BB8E94FAB}"
EndProject
Project("{FAE04EC0-301F-11D3-BF4B-00C04F79EFBC}") = "Lab04", "Lab04\Lab04\Lab04.csproj", "{51DFCBFF-B132-44EC-BE9D-9841854B9554}"
EndProject
Global
	GlobalSection(SolutionConfigurationPlatforms) = preSolution
		Debug|Any CPU = Debug|Any CPU
		Debug|iPhone = Debug|iPhone
		Debug|iPhoneSimulator = Debug|iPhoneSimulator
		Release|Any CPU = Release|Any CPU
		Release|iPhone = Release|iPhone
		Release|iPhoneSimulator = Release|iPhoneSimulator
	EndGlobalSection
	GlobalSection(ProjectConfigurationPlatforms) = postSolution
		{BC1E5B52-6BB6-471A-9166-372F1BDDB72E}.Debug|Any CPU.ActiveCfg = Debug|Any CPU
		{BC1E5B52-6BB6-471A-9166-372F1BDDB72E}.Debug|Any CPU.Build.0 = Debug|Any CPU
		{BC1E5B52-6BB6-471A-9166-372F1BDDB72E}.Debug|Any CPU.Deploy.0 = Debug|Any CPU
		{BC1E5B52-6BB6-471A-9166-372F1BDDB72E}.Debug|iPhone.ActiveCfg = Debug|Any CPU
		{BC1E5B52-6BB6-471A-9166-372F1BDDB72E}.Debug|iPhone.Build.0 = Debug|Any CPU
		{BC1E5B52-6BB6-471A-9166-372F1BDDB72E}.Debug|iPhone.Deploy.0 = Debug|Any CPU
		{BC1E5B52-6BB6-471A-9166-372F1BDDB72E}.Debug|iPhoneSimulator.ActiveCfg = Debug|Any CPU
		{BC1E5B52-6BB6-471A-9166-372F1BDDB72E}.Debug|iPhoneSimulator.Build.0 = Debug|Any CPU
		{BC1E5B52-6BB6-471A-9166-372F1BDDB72E}.Debug|iPhoneSimulator.Deploy.0 = Debug|Any CPU
		{BC1E5B52-6BB6-471A-9166-372F1BDDB72E}.Release|Any CPU.ActiveCfg = Release|Any CPU
		{BC1E5B52-6BB6-471A-9166-372F1BDDB72E}.Release|Any CPU.Build.0 = Release|Any CPU
		{BC1E5B52-6BB6-471A-9166-372F1BDDB72E}.Release|Any CPU.Deploy.0 = Release|Any CPU
		{BC1E5B52-6BB6-471A-9166-372F1BDDB72E}.Release|iPhone.ActiveCfg = Release|Any CPU
		{BC1E5B52-6BB6-471A-9166-372F1BDDB72E}.Release|iPhone.Build.0 = Release|Any CPU
		{BC1E5B52-6BB6-471A-9166-372F1BDDB72E}.Release|iPhone.Deploy.0 = Release|Any CPU
		{BC1E5B52-6BB6-471A-9166-372F1BDDB72E}.Release|iPhoneSimulator.ActiveCfg = Release|Any CPU
		{BC1E5B52-6BB6-471A-9166-372F1BDDB72E}.Release|iPhoneSimulator.Build.0 = Release|Any CPU
		{BC1E5B52-6BB6-471A-9166-372F1BDDB72E}.Release|iPhoneSimulator.Deploy.0 = Release|Any CPU
		{90422417-AB8C-4D65-AF60-F16BB8E94FAB}.Debug|Any CPU.ActiveCfg = Debug|iPhone
		{90422417-AB8C-4D65-AF60-F16BB8E94FAB}.Debug|Any CPU.Build.0 = Debug|iPhone
		{90422417-AB8C-4D65-AF60-F16BB8E94FAB}.Debug|Any CPU.Deploy.0 = Debug|iPhone
		{90422417-AB8C-4D65-AF60-F16BB8E94FAB}.Debug|iPhone.ActiveCfg = Debug|iPhone
		{90422417-AB8C-4D65-AF60-F16BB8E94FAB}.Debug|iPhone.Build.0 = Debug|iPhone
		{90422417-AB8C-4D65-AF60-F16BB8E94FAB}.Debug|iPhone.Deploy.0 = Debug|iPhone
		{90422417-AB8C-4D65-AF60-F16BB8E94FAB}.Debug|iPhoneSimulator.ActiveCfg = Debug|iPhoneSimulator
		{90422417-AB8C-4D65-AF60-F16BB8E94FAB}.Debug|iPhoneSimulator.Build.0 = Debug|iPhoneSimulator
		{90422417-AB8C-4D65-AF60-F16BB8E94FAB}.Debug|iPhoneSimulator.Deploy.0 = Debug|iPhoneSimulator
		{90422417-AB8C-4D65-AF60-F16BB8E94FAB}.Release|Any CPU.ActiveCfg = Release|iPhoneSimulator
		{90422417-AB8C-4D65-AF60-F16BB8E94FAB}.Release|Any CPU.Build.0 = Release|iPhoneSimulator
		{90422417-AB8C-4D65-AF60-F16BB8E94FAB}.Release|Any CPU.Deploy.0 = Release|iPhoneSimulator
		{90422417-AB8C-4D65-AF60-F16BB8E94FAB}.Release|iPhone.ActiveCfg = Release|iPhone
		{90422417-AB8C-4D65-AF60-F16BB8E94FAB}.Release|iPhone.Build.0 = Release|iPhone
		{90422417-AB8C-4D65-AF60-F16BB8E94FAB}.Release|iPhone.Deploy.0 = Release|iPhone
		{90422417-AB8C-4D65-AF60-F16BB8E94FAB}.Release|iPhoneSimulator.ActiveCfg = Release|iPhoneSimulator
		{90422417-AB8C-4D65-AF60-F16BB8E94FAB}.Release|iPhoneSimulator.Build.0 = Release|iPhoneSimulator
		{90422417-AB8C-4D65-AF60-F16BB8E94FAB}.Release|iPhoneSimulator.Deploy.0 = Release|iPhoneSimulator
		{51DFCBFF-B132-44EC-BE9D-9841854B9554}.Debug|Any CPU.ActiveCfg = Debug|Any CPU
		{51DFCBFF-B132-44EC-BE9D-9841854B9554}.Debug|Any CPU.Build.0 = Debug|Any CPU
		{51DFCBFF-B132-44EC-BE9D-9841854B9554}.Debug|Any CPU.Deploy.0 = Debug|Any CPU
		{51DFCBFF-B132-44EC-BE9D-9841854B9554}.Debug|iPhone.ActiveCfg = Debug|Any CPU
		{51DFCBFF-B132-44EC-BE9D-9841854B9554}.Debug|iPhone.Build.0 = Debug|Any CPU
		{51DFCBFF-B132-44EC-BE9D-9841854B9554}.Debug|iPhone.Deploy.0 = Debug|Any CPU
		{51DFCBFF-B132-44EC-BE9D-9841854B9554}.Debug|iPhoneSimulator.ActiveCfg = Debug|Any CPU
		{51DFCBFF-B132-44EC-BE9D-9841854B9554}.Debug|iPhoneSimulator.Build.0 = Debug|Any CPU
		{51DFCBFF-B132-44EC-BE9D-9841854B9554}.Debug|iPhoneSimulator.Deploy.0 = Debug|Any CPU
		{51DFCBFF-B132-44EC-BE9D-9841854B9554}.Release|Any CPU.ActiveCfg = Release|Any CPU
		{51DFCBFF-B132-44EC-BE9D-9841854B9554}.Release|Any CPU.Build.0 = Release|Any CPU
		{51DFCBFF-B132-44EC-BE9D-9841854B9554}.Release|Any CPU.Deploy.0 = Release|Any CPU
		{51DFCBFF-B132-44EC-BE9D-9841854B9554}.Release|iPhone.ActiveCfg = Release|Any CPU
		{51DFCBFF-B132-44EC-BE9D-9841854B9554}.Release|iPhone.Build.0 = Release|Any CPU
		{51DFCBFF-B132-44EC-BE9D-9841854B9554}.Release|iPhone.Deploy.0 = Release|Any CPU
		{51DFCBFF-B132-44EC-BE9D-9841854B9554}.Release|iPhoneSimulator.ActiveCfg = Release|Any CPU
		{51DFCBFF-B132-44EC-BE9D-9841854B9554}.Release|iPhoneSimulator.Build.0 = Release|Any CPU
		{51DFCBFF-B132-44EC-BE9D-9841854B9554}.Release|iPhoneSimulator.Deploy.0 = Release|Any CPU
	EndGlobalSection
	GlobalSection(SolutionProperties) = preSolution
		HideSolutionNode = FALSE
	EndGlobalSection
	GlobalSection(ExtensibilityGlobals) = postSolution
		SolutionGuid = {BCA331F9-2321-43A9-8AEC-075F2AE6080C}
	EndGlobalSection
EndGlobal
